
Microsoft Visual Studio Solution File, Format Version 12.00
# Visual Studio Version 16
VisualStudioVersion = 16.0.30002.166
MinimumVisualStudioVersion = 10.0.40219.1
Project("{FAE04EC0-301F-11D3-BF4B-00C04F79EFBC}") = "ServerApplication", "ServerApplication\ServerApplication.csproj", "{FFA612AC-9394-461B-A7F2-452DF2418B39}"
EndProject
Project("{FAE04EC0-301F-11D3-BF4B-00C04F79EFBC}") = "ServerApplication.Worker", "ServerApplication.Worker\ServerApplication.Worker.csproj", "{A66250CE-30BE-49C3-8CFF-09C09778A3FC}"
EndProject
Global
	GlobalSection(SolutionConfigurationPlatforms) = preSolution
		Debug|Any CPU = Debug|Any CPU
		Release|Any CPU = Release|Any CPU
	EndGlobalSection
	GlobalSection(ProjectConfigurationPlatforms) = postSolution
		{FFA612AC-9394-461B-A7F2-452DF2418B39}.Debug|Any CPU.ActiveCfg = Debug|Any CPU
		{FFA612AC-9394-461B-A7F2-452DF2418B39}.Debug|Any CPU.Build.0 = Debug|Any CPU
		{FFA612AC-9394-461B-A7F2-452DF2418B39}.Release|Any CPU.ActiveCfg = Release|Any CPU
		{FFA612AC-9394-461B-A7F2-452DF2418B39}.Release|Any CPU.Build.0 = Release|Any CPU
		{A66250CE-30BE-49C3-8CFF-09C09778A3FC}.Debug|Any CPU.ActiveCfg = Debug|Any CPU
		{A66250CE-30BE-49C3-8CFF-09C09778A3FC}.Debug|Any CPU.Build.0 = Debug|Any CPU
		{A66250CE-30BE-49C3-8CFF-09C09778A3FC}.Release|Any CPU.ActiveCfg = Release|Any CPU
		{A66250CE-30BE-49C3-8CFF-09C09778A3FC}.Release|Any CPU.Build.0 = Release|Any CPU
	EndGlobalSection
	GlobalSection(SolutionProperties) = preSolution
		HideSolutionNode = FALSE
	EndGlobalSection
	GlobalSection(ExtensibilityGlobals) = postSolution
		SolutionGuid = {58B29969-99F9-486E-B8A9-642C9B218F7C}
	EndGlobalSection
EndGlobal
